
Microsoft Visual Studio Solution File, Format Version 12.00
# Visual Studio Version 17
VisualStudioVersion = 17.7.34009.444
MinimumVisualStudioVersion = 10.0.40219.1
Project("{FAE04EC0-301F-11D3-BF4B-00C04F79EFBC}") = "PomodoroApp.Avalonia", "PomodoroApp.Avalonia\PomodoroApp.Avalonia.csproj", "{FED17A2F-D828-48BD-B743-51E7E620BFDC}"
EndProject
Global
	GlobalSection(SolutionConfigurationPlatforms) = preSolution
		Debug|Any CPU = Debug|Any CPU
		Release|Any CPU = Release|Any CPU
	EndGlobalSection
	GlobalSection(ProjectConfigurationPlatforms) = postSolution
		{FED17A2F-D828-48BD-B743-51E7E620BFDC}.Debug|Any CPU.ActiveCfg = Debug|Any CPU
		{FED17A2F-D828-48BD-B743-51E7E620BFDC}.Debug|Any CPU.Build.0 = Debug|Any CPU
		{FED17A2F-D828-48BD-B743-51E7E620BFDC}.Release|Any CPU.ActiveCfg = Release|Any CPU
		{FED17A2F-D828-48BD-B743-51E7E620BFDC}.Release|Any CPU.Build.0 = Release|Any CPU
	EndGlobalSection
	GlobalSection(SolutionProperties) = preSolution
		HideSolutionNode = FALSE
	EndGlobalSection
	GlobalSection(ExtensibilityGlobals) = postSolution
		SolutionGuid = {8ABF4622-9D4B-4407-8EFB-FA65863CF13A}
	EndGlobalSection
EndGlobal
